{
  "name": "@imooc-cli-dev/package",
  "version": "0.0.3",
  "lockfileVersion": 2,
  "requires": true,
  "packages": {
    "": {
      "name": "@imooc-cli-dev/package",
      "version": "0.0.3",
      "license": "ISC",
      "dependencies": {
        "@imooc-cli-dev/utils": "../../utils/utils"
      }
    },
    "../../utils/utils": {
      "name": "@imooc-cli-dev-gyl/utils",
      "version": "0.0.3",
      "license": "ISC"
    },
    "node_modules/@imooc-cli-dev/utils": {
      "resolved": "../../utils/utils",
      "link": true
    }
  },
  "dependencies": {
    "@imooc-cli-dev/utils": {
      "version": "file:../../utils/utils"
    }
  }
}
