{
  "name": "@imooc-cli-dev/init",
  "version": "0.0.3",
  "lockfileVersion": 2,
  "requires": true,
  "packages": {
    "": {
      "name": "@imooc-cli-dev/init",
      "version": "0.0.3",
      "license": "ISC",
      "dependencies": {
        "@imooc-cli-dev/command": "../../models/command"
      }
    },
    "../../models/command": {
      "version": "0.0.3",
      "license": "ISC",
      "dependencies": {
        "@imooc-cli-dev/log": "../../utils/log"
      }
    },
    "node_modules/@imooc-cli-dev/command": {
      "resolved": "../../models/command",
      "link": true
    }
  },
  "dependencies": {
    "@imooc-cli-dev/command": {
      "version": "file:../../models/command",
      "requires": {
        "@imooc-cli-dev/log": "../../utils/log"
      }
    }
  }
}
