{
  "name": "@imooc-cli-dev/init",
  "version": "0.0.3",
  "lockfileVersion": 2,
  "requires": true,
  "packages": {
    "": {
      "name": "@imooc-cli-dev/init",
      "version": "0.0.3",
      "license": "ISC",
      "dependencies": {
        "@imooc-cli-dev/command": "../../models/command",
        "@imooc-cli-dev/log": "../../utils/log"
      }
    },
    "../../models/command": {
      "name": "@imooc-cli-dev/command",
      "version": "0.0.3",
      "license": "ISC",
      "dependencies": {
        "@imooc-cli-dev/log": "../../utils/log"
      },
      "devDependencies": {
        "colors": "^1.4.0",
        "semver": "^7.3.4"
      }
    },
    "../../utils/log": {
      "version": "0.0.3",
      "license": "ISC",
      "devDependencies": {
        "npmlog": "^6.0.2"
      }
    },
    "node_modules/@imooc-cli-dev/command": {
      "resolved": "../../models/command",
      "link": true
    },
    "node_modules/@imooc-cli-dev/log": {
      "resolved": "../../utils/log",
      "link": true
    }
  },
  "dependencies": {
    "@imooc-cli-dev/command": {
      "version": "file:../../models/command",
      "requires": {
        "@imooc-cli-dev/log": "../../utils/log",
        "colors": "^1.4.0",
        "semver": "^7.3.4"
      }
    },
    "@imooc-cli-dev/log": {
      "version": "file:../../utils/log",
      "requires": {
        "npmlog": "^6.0.2"
      }
    }
  }
}
