{
  "name": "@imooc-cli-dev/exec",
  "version": "0.0.3",
  "lockfileVersion": 2,
  "requires": true,
  "packages": {
    "": {
      "name": "@imooc-cli-dev/exec",
      "version": "0.0.3",
      "license": "ISC",
      "dependencies": {
        "@imooc-cli-dev/log": "../../utils/log",
        "@imooc-cli-dev/package": "../../models/package",
        "@imooc-cli-dev/utils": "../../utils//utils"
      }
    },
    "../../models/package": {
      "name": "@imooc-cli-dev/package",
      "version": "0.0.3",
      "license": "ISC",
      "dependencies": {
        "@imooc-cli-dev/format-path": "../../utils/format-path",
        "@imooc-cli-dev/get-npm-info": "../../utils/get-npm-info",
        "@imooc-cli-dev/utils": "../../utils/utils"
      },
      "devDependencies": {
        "fs-extra": "^9.0.1",
        "npminstall": "^4.10.0",
        "path-exists": "^4.0.0",
        "pkg-dir": "^5.0.0"
      }
    },
    "../../utils/log": {
      "name": "@imooc-cli-dev/log",
      "version": "0.0.3",
      "license": "ISC",
      "devDependencies": {
        "npmlog": "^6.0.2"
      }
    },
    "../../utils/utils": {
      "name": "@imooc-cli-dev-gyl/utils",
      "version": "0.0.3",
      "license": "ISC",
      "devDependencies": {
        "cli-spinner": "^0.2.10"
      }
    },
    "node_modules/@imooc-cli-dev/log": {
      "resolved": "../../utils/log",
      "link": true
    },
    "node_modules/@imooc-cli-dev/package": {
      "resolved": "../../models/package",
      "link": true
    },
    "node_modules/@imooc-cli-dev/utils": {
      "resolved": "../../utils/utils",
      "link": true
    }
  },
  "dependencies": {
    "@imooc-cli-dev/log": {
      "version": "file:../../utils/log",
      "requires": {
        "npmlog": "^6.0.2"
      }
    },
    "@imooc-cli-dev/package": {
      "version": "file:../../models/package",
      "requires": {
        "@imooc-cli-dev/format-path": "../../utils/format-path",
        "@imooc-cli-dev/get-npm-info": "../../utils/get-npm-info",
        "@imooc-cli-dev/utils": "../../utils/utils",
        "fs-extra": "^9.0.1",
        "npminstall": "^4.10.0",
        "path-exists": "^4.0.0",
        "pkg-dir": "^5.0.0"
      }
    },
    "@imooc-cli-dev/utils": {
      "version": "file:../../utils/utils",
      "requires": {
        "cli-spinner": "^0.2.10"
      }
    }
  }
}
